
Microsoft Visual Studio Solution File, Format Version 12.00
Project("{FAE04EC0-301F-11D3-BF4B-00C04F79EFBC}") = "EF2.DB_Lib", "EF2.DB_Lib\EF2.DB_Lib.csproj", "{21C97B45-BC6E-41ED-B725-8E135BA3E24F}"
EndProject
Project("{FAE04EC0-301F-11D3-BF4B-00C04F79EFBC}") = "EF2.Model", "EF2.Model\EF2.Model.csproj", "{FAFCE9BA-1BD6-4262-AAA9-3DFEB6EB9BAD}"
EndProject
Global
	GlobalSection(SolutionConfigurationPlatforms) = preSolution
		Debug|Any CPU = Debug|Any CPU
		Release|Any CPU = Release|Any CPU
	EndGlobalSection
	GlobalSection(ProjectConfigurationPlatforms) = postSolution
		{21C97B45-BC6E-41ED-B725-8E135BA3E24F}.Debug|Any CPU.ActiveCfg = Debug|Any CPU
		{21C97B45-BC6E-41ED-B725-8E135BA3E24F}.Debug|Any CPU.Build.0 = Debug|Any CPU
		{21C97B45-BC6E-41ED-B725-8E135BA3E24F}.Release|Any CPU.ActiveCfg = Release|Any CPU
		{21C97B45-BC6E-41ED-B725-8E135BA3E24F}.Release|Any CPU.Build.0 = Release|Any CPU
		{FAFCE9BA-1BD6-4262-AAA9-3DFEB6EB9BAD}.Debug|Any CPU.ActiveCfg = Debug|Any CPU
		{FAFCE9BA-1BD6-4262-AAA9-3DFEB6EB9BAD}.Debug|Any CPU.Build.0 = Debug|Any CPU
		{FAFCE9BA-1BD6-4262-AAA9-3DFEB6EB9BAD}.Release|Any CPU.ActiveCfg = Release|Any CPU
		{FAFCE9BA-1BD6-4262-AAA9-3DFEB6EB9BAD}.Release|Any CPU.Build.0 = Release|Any CPU
	EndGlobalSection
EndGlobal
